// !$*UTF8*$!
{
	archiveVersion = 1;
	classes = {
	};
	objectVersion = 55;
	objects = {

/* Begin PBXBuildFile section */
		CF36133D28522CCC00A5EA44 /* VideoViewController.swift in Sources */ = {isa = PBXBuildFile; fileRef = CF36133328522CCB00A5EA44 /* VideoViewController.swift */; };
		CF36133F28522CCC00A5EA44 /* VideoPresenter.swift in Sources */ = {isa = PBXBuildFile; fileRef = CF36133728522CCB00A5EA44 /* VideoPresenter.swift */; };
		CF7BFD93285234E3007CAB15 /* VideoModelService.swift in Sources */ = {isa = PBXBuildFile; fileRef = CF7BFD92285234E3007CAB15 /* VideoModelService.swift */; };
		CF7BFD9528523AE3007CAB15 /* Video.swift in Sources */ = {isa = PBXBuildFile; fileRef = CF7BFD9428523AE3007CAB15 /* Video.swift */; };
		CF7BFD9928523FD5007CAB15 /* VideoModuleBuilder.swift in Sources */ = {isa = PBXBuildFile; fileRef = CF7BFD9828523FD5007CAB15 /* VideoModuleBuilder.swift */; };
		CF7BFD9D28524B90007CAB15 /* video1.mp4 in Resources */ = {isa = PBXBuildFile; fileRef = CF7BFD9C28524B90007CAB15 /* video1.mp4 */; };
		CF7BFD9F28526921007CAB15 /* video2.mp4 in Resources */ = {isa = PBXBuildFile; fileRef = CF7BFD9E28526921007CAB15 /* video2.mp4 */; };
		CFF502812852215E00C8FB2A /* AppDelegate.swift in Sources */ = {isa = PBXBuildFile; fileRef = CFF502802852215E00C8FB2A /* AppDelegate.swift */; };
		CFF502832852215E00C8FB2A /* SceneDelegate.swift in Sources */ = {isa = PBXBuildFile; fileRef = CFF502822852215E00C8FB2A /* SceneDelegate.swift */; };
		CFF5028B2852215E00C8FB2A /* MovikaTask.xcdatamodeld in Sources */ = {isa = PBXBuildFile; fileRef = CFF502892852215E00C8FB2A /* MovikaTask.xcdatamodeld */; };
		CFF5028D2852215F00C8FB2A /* Assets.xcassets in Resources */ = {isa = PBXBuildFile; fileRef = CFF5028C2852215F00C8FB2A /* Assets.xcassets */; };
		FF26ECBD43346371CFB61096 /* Pods_MovikaTask.framework in Frameworks */ = {isa = PBXBuildFile; fileRef = AE3D2BAED3906D5547C9B7B7 /* Pods_MovikaTask.framework */; };
/* End PBXBuildFile section */

/* Begin PBXFileReference section */
		0C02E8C4ABB93DB65AA212DE /* Pods-MovikaTask.release.xcconfig */ = {isa = PBXFileReference; includeInIndex = 1; lastKnownFileType = text.xcconfig; name = "Pods-MovikaTask.release.xcconfig"; path = "Target Support Files/Pods-MovikaTask/Pods-MovikaTask.release.xcconfig"; sourceTree = "<group>"; };
		3A203EE02727289C25C3013D /* Pods-MovikaTask.debug.xcconfig */ = {isa = PBXFileReference; includeInIndex = 1; lastKnownFileType = text.xcconfig; name = "Pods-MovikaTask.debug.xcconfig"; path = "Target Support Files/Pods-MovikaTask/Pods-MovikaTask.debug.xcconfig"; sourceTree = "<group>"; };
		AE3D2BAED3906D5547C9B7B7 /* Pods_MovikaTask.framework */ = {isa = PBXFileReference; explicitFileType = wrapper.framework; includeInIndex = 0; path = Pods_MovikaTask.framework; sourceTree = BUILT_PRODUCTS_DIR; };
		CF36133328522CCB00A5EA44 /* VideoViewController.swift */ = {isa = PBXFileReference; fileEncoding = 4; lastKnownFileType = sourcecode.swift; path = VideoViewController.swift; sourceTree = "<group>"; };
		CF36133728522CCB00A5EA44 /* VideoPresenter.swift */ = {isa = PBXFileReference; fileEncoding = 4; lastKnownFileType = sourcecode.swift; path = VideoPresenter.swift; sourceTree = "<group>"; };
		CF7BFD92285234E3007CAB15 /* VideoModelService.swift */ = {isa = PBXFileReference; lastKnownFileType = sourcecode.swift; path = VideoModelService.swift; sourceTree = "<group>"; };
		CF7BFD9428523AE3007CAB15 /* Video.swift */ = {isa = PBXFileReference; lastKnownFileType = sourcecode.swift; path = Video.swift; sourceTree = "<group>"; };
		CF7BFD9828523FD5007CAB15 /* VideoModuleBuilder.swift */ = {isa = PBXFileReference; lastKnownFileType = sourcecode.swift; path = VideoModuleBuilder.swift; sourceTree = "<group>"; };
		CF7BFD9C28524B90007CAB15 /* video1.mp4 */ = {isa = PBXFileReference; lastKnownFileType = file; path = video1.mp4; sourceTree = "<group>"; };
		CF7BFD9E28526921007CAB15 /* video2.mp4 */ = {isa = PBXFileReference; lastKnownFileType = file; path = video2.mp4; sourceTree = "<group>"; };
		CFF5027D2852215E00C8FB2A /* MovikaTask.app */ = {isa = PBXFileReference; explicitFileType = wrapper.application; includeInIndex = 0; path = MovikaTask.app; sourceTree = BUILT_PRODUCTS_DIR; };
		CFF502802852215E00C8FB2A /* AppDelegate.swift */ = {isa = PBXFileReference; lastKnownFileType = sourcecode.swift; path = AppDelegate.swift; sourceTree = "<group>"; };
		CFF502822852215E00C8FB2A /* SceneDelegate.swift */ = {isa = PBXFileReference; lastKnownFileType = sourcecode.swift; path = SceneDelegate.swift; sourceTree = "<group>"; };
		CFF5028A2852215E00C8FB2A /* MovikaTask.xcdatamodel */ = {isa = PBXFileReference; lastKnownFileType = wrapper.xcdatamodel; path = MovikaTask.xcdatamodel; sourceTree = "<group>"; };
		CFF5028C2852215F00C8FB2A /* Assets.xcassets */ = {isa = PBXFileReference; lastKnownFileType = folder.assetcatalog; path = Assets.xcassets; sourceTree = "<group>"; };
		CFF502912852215F00C8FB2A /* Info.plist */ = {isa = PBXFileReference; lastKnownFileType = text.plist.xml; path = Info.plist; sourceTree = "<group>"; };
/* End PBXFileReference section */

/* Begin PBXFrameworksBuildPhase section */
		CFF5027A2852215E00C8FB2A /* Frameworks */ = {
			isa = PBXFrameworksBuildPhase;
			buildActionMask = 2147483647;
			files = (
				FF26ECBD43346371CFB61096 /* Pods_MovikaTask.framework in Frameworks */,
			);
			runOnlyForDeploymentPostprocessing = 0;
		};
/* End PBXFrameworksBuildPhase section */

/* Begin PBXGroup section */
		CF36133128522CCB00A5EA44 /* VideoModule */ = {
			isa = PBXGroup;
			children = (
				CF7BFD92285234E3007CAB15 /* VideoModelService.swift */,
				CF36133728522CCB00A5EA44 /* VideoPresenter.swift */,
				CF36133328522CCB00A5EA44 /* VideoViewController.swift */,
				CF7BFD9828523FD5007CAB15 /* VideoModuleBuilder.swift */,
			);
			path = VideoModule;
			sourceTree = "<group>";
		};
		CF361347285234BC00A5EA44 /* Resources */ = {
			isa = PBXGroup;
			children = (
			);
			path = Resources;
			sourceTree = "<group>";
		};
		CF361348285234C100A5EA44 /* Services */ = {
			isa = PBXGroup;
			children = (
			);
			path = Services;
			sourceTree = "<group>";
		};
		CF7BFDA0285348C8007CAB15 /* Resources */ = {
			isa = PBXGroup;
			children = (
				CF7BFD9C28524B90007CAB15 /* video1.mp4 */,
				CF7BFD9E28526921007CAB15 /* video2.mp4 */,
			);
			path = Resources;
			sourceTree = "<group>";
		};
		CF7BFDA128534923007CAB15 /* Entities */ = {
			isa = PBXGroup;
			children = (
				CF7BFD9428523AE3007CAB15 /* Video.swift */,
			);
			path = Entities;
			sourceTree = "<group>";
		};
		CFF502742852215E00C8FB2A = {
			isa = PBXGroup;
			children = (
				CFF5027F2852215E00C8FB2A /* MovikaTask */,
				CFF5027E2852215E00C8FB2A /* Products */,
				D72BEADE251EA826F94D2848 /* Pods */,
				FAE76AE4ADDFD5F8D57E2AB8 /* Frameworks */,
			);
			sourceTree = "<group>";
		};
		CFF5027E2852215E00C8FB2A /* Products */ = {
			isa = PBXGroup;
			children = (
				CFF5027D2852215E00C8FB2A /* MovikaTask.app */,
			);
			name = Products;
			sourceTree = "<group>";
		};
		CFF5027F2852215E00C8FB2A /* MovikaTask */ = {
			isa = PBXGroup;
			children = (
				CF7BFDA128534923007CAB15 /* Entities */,
				CF7BFDA0285348C8007CAB15 /* Resources */,
				CF361348285234C100A5EA44 /* Services */,
				CF361347285234BC00A5EA44 /* Resources */,
				CFF502802852215E00C8FB2A /* AppDelegate.swift */,
				CFF502822852215E00C8FB2A /* SceneDelegate.swift */,
				CFF5028C2852215F00C8FB2A /* Assets.xcassets */,
				CFF502912852215F00C8FB2A /* Info.plist */,
				CFF502892852215E00C8FB2A /* MovikaTask.xcdatamodeld */,
				CF36133128522CCB00A5EA44 /* VideoModule */,
			);
			path = MovikaTask;
			sourceTree = "<group>";
		};
		D72BEADE251EA826F94D2848 /* Pods */ = {
			isa = PBXGroup;
			children = (
				3A203EE02727289C25C3013D /* Pods-MovikaTask.debug.xcconfig */,
				0C02E8C4ABB93DB65AA212DE /* Pods-MovikaTask.release.xcconfig */,
			);
			path = Pods;
			sourceTree = "<group>";
		};
		FAE76AE4ADDFD5F8D57E2AB8 /* Frameworks */ = {
			isa = PBXGroup;
			children = (
				AE3D2BAED3906D5547C9B7B7 /* Pods_MovikaTask.framework */,
			);
			name = Frameworks;
			sourceTree = "<group>";
		};
/* End PBXGroup section */

/* Begin PBXNativeTarget section */
		CFF5027C2852215E00C8FB2A /* MovikaTask */ = {
			isa = PBXNativeTarget;
			buildConfigurationList = CFF502942852215F00C8FB2A /* Build configuration list for PBXNativeTarget "MovikaTask" */;
			buildPhases = (
				8B7FF0B20E7905B1373A39F5 /* [CP] Check Pods Manifest.lock */,
				CFF502792852215E00C8FB2A /* Sources */,
				CFF5027A2852215E00C8FB2A /* Frameworks */,
				CFF5027B2852215E00C8FB2A /* Resources */,
				05E1BF85FE88165D5CD0E155 /* [CP] Embed Pods Frameworks */,
			);
			buildRules = (
			);
			dependencies = (
			);
			name = MovikaTask;
			productName = MovikaTask;
			productReference = CFF5027D2852215E00C8FB2A /* MovikaTask.app */;
			productType = "com.apple.product-type.application";
		};
/* End PBXNativeTarget section */

/* Begin PBXProject section */
		CFF502752852215E00C8FB2A /* Project object */ = {
			isa = PBXProject;
			attributes = {
				BuildIndependentTargetsInParallel = 1;
				LastSwiftUpdateCheck = 1340;
				LastUpgradeCheck = 1340;
				TargetAttributes = {
					CFF5027C2852215E00C8FB2A = {
						CreatedOnToolsVersion = 13.4.1;
					};
				};
			};
			buildConfigurationList = CFF502782852215E00C8FB2A /* Build configuration list for PBXProject "MovikaTask" */;
			compatibilityVersion = "Xcode 13.0";
			developmentRegion = en;
			hasScannedForEncodings = 0;
			knownRegions = (
				en,
				Base,
			);
			mainGroup = CFF502742852215E00C8FB2A;
			productRefGroup = CFF5027E2852215E00C8FB2A /* Products */;
			projectDirPath = "";
			projectRoot = "";
			targets = (
				CFF5027C2852215E00C8FB2A /* MovikaTask */,
			);
		};
/* End PBXProject section */

/* Begin PBXResourcesBuildPhase section */
		CFF5027B2852215E00C8FB2A /* Resources */ = {
			isa = PBXResourcesBuildPhase;
			buildActionMask = 2147483647;
			files = (
				CF7BFD9D28524B90007CAB15 /* video1.mp4 in Resources */,
				CFF5028D2852215F00C8FB2A /* Assets.xcassets in Resources */,
				CF7BFD9F28526921007CAB15 /* video2.mp4 in Resources */,
			);
			runOnlyForDeploymentPostprocessing = 0;
		};
/* End PBXResourcesBuildPhase section */

/* Begin PBXShellScriptBuildPhase section */
		05E1BF85FE88165D5CD0E155 /* [CP] Embed Pods Frameworks */ = {
			isa = PBXShellScriptBuildPhase;
			buildActionMask = 2147483647;
			files = (
			);
			inputFileListPaths = (
				"${PODS_ROOT}/Target Support Files/Pods-MovikaTask/Pods-MovikaTask-frameworks-${CONFIGURATION}-input-files.xcfilelist",
			);
			name = "[CP] Embed Pods Frameworks";
			outputFileListPaths = (
				"${PODS_ROOT}/Target Support Files/Pods-MovikaTask/Pods-MovikaTask-frameworks-${CONFIGURATION}-output-files.xcfilelist",
			);
			runOnlyForDeploymentPostprocessing = 0;
			shellPath = /bin/sh;
			shellScript = "\"${PODS_ROOT}/Target Support Files/Pods-MovikaTask/Pods-MovikaTask-frameworks.sh\"\n";
			showEnvVarsInLog = 0;
		};
		8B7FF0B20E7905B1373A39F5 /* [CP] Check Pods Manifest.lock */ = {
			isa = PBXShellScriptBuildPhase;
			buildActionMask = 2147483647;
			files = (
			);
			inputFileListPaths = (
			);
			inputPaths = (
				"${PODS_PODFILE_DIR_PATH}/Podfile.lock",
				"${PODS_ROOT}/Manifest.lock",
			);
			name = "[CP] Check Pods Manifest.lock";
			outputFileListPaths = (
			);
			outputPaths = (
				"$(DERIVED_FILE_DIR)/Pods-MovikaTask-checkManifestLockResult.txt",
			);
			runOnlyForDeploymentPostprocessing = 0;
			shellPath = /bin/sh;
			shellScript = "diff \"${PODS_PODFILE_DIR_PATH}/Podfile.lock\" \"${PODS_ROOT}/Manifest.lock\" > /dev/null\nif [ $? != 0 ] ; then\n    # print error to STDERR\n    echo \"error: The sandbox is not in sync with the Podfile.lock. Run 'pod install' or update your CocoaPods installation.\" >&2\n    exit 1\nfi\n# This output is used by Xcode 'outputs' to avoid re-running this script phase.\necho \"SUCCESS\" > \"${SCRIPT_OUTPUT_FILE_0}\"\n";
			showEnvVarsInLog = 0;
		};
/* End PBXShellScriptBuildPhase section */

/* Begin PBXSourcesBuildPhase section */
		CFF502792852215E00C8FB2A /* Sources */ = {
			isa = PBXSourcesBuildPhase;
			buildActionMask = 2147483647;
			files = (
				CF36133F28522CCC00A5EA44 /* VideoPresenter.swift in Sources */,
				CF7BFD93285234E3007CAB15 /* VideoModelService.swift in Sources */,
				CFF5028B2852215E00C8FB2A /* MovikaTask.xcdatamodeld in Sources */,
				CFF502812852215E00C8FB2A /* AppDelegate.swift in Sources */,
				CF36133D28522CCC00A5EA44 /* VideoViewController.swift in Sources */,
				CF7BFD9528523AE3007CAB15 /* Video.swift in Sources */,
				CFF502832852215E00C8FB2A /* SceneDelegate.swift in Sources */,
				CF7BFD9928523FD5007CAB15 /* VideoModuleBuilder.swift in Sources */,
			);
			runOnlyForDeploymentPostprocessing = 0;
		};
/* End PBXSourcesBuildPhase section */

/* Begin XCBuildConfiguration section */
		CFF502922852215F00C8FB2A /* Debug */ = {
			isa = XCBuildConfiguration;
			buildSettings = {
				ALWAYS_SEARCH_USER_PATHS = NO;
				CLANG_ANALYZER_NONNULL = YES;
				CLANG_ANALYZER_NUMBER_OBJECT_CONVERSION = YES_AGGRESSIVE;
				CLANG_CXX_LANGUAGE_STANDARD = "gnu++17";
				CLANG_ENABLE_MODULES = YES;
				CLANG_ENABLE_OBJC_ARC = YES;
				CLANG_ENABLE_OBJC_WEAK = YES;
				CLANG_WARN_BLOCK_CAPTURE_AUTORELEASING = YES;
				CLANG_WARN_BOOL_CONVERSION = YES;
				CLANG_WARN_COMMA = YES;
				CLANG_WARN_CONSTANT_CONVERSION = YES;
				CLANG_WARN_DEPRECATED_OBJC_IMPLEMENTATIONS = YES;
				CLANG_WARN_DIRECT_OBJC_ISA_USAGE = YES_ERROR;
				CLANG_WARN_DOCUMENTATION_COMMENTS = YES;
				CLANG_WARN_EMPTY_BODY = YES;
				CLANG_WARN_ENUM_CONVERSION = YES;
				CLANG_WARN_INFINITE_RECURSION = YES;
				CLANG_WARN_INT_CONVERSION = YES;
				CLANG_WARN_NON_LITERAL_NULL_CONVERSION = YES;
				CLANG_WARN_OBJC_IMPLICIT_RETAIN_SELF = YES;
				CLANG_WARN_OBJC_LITERAL_CONVERSION = YES;
				CLANG_WARN_OBJC_ROOT_CLASS = YES_ERROR;
				CLANG_WARN_QUOTED_INCLUDE_IN_FRAMEWORK_HEADER = YES;
				CLANG_WARN_RANGE_LOOP_ANALYSIS = YES;
				CLANG_WARN_STRICT_PROTOTYPES = YES;
				CLANG_WARN_SUSPICIOUS_MOVE = YES;
				CLANG_WARN_UNGUARDED_AVAILABILITY = YES_AGGRESSIVE;
				CLANG_WARN_UNREACHABLE_CODE = YES;
				CLANG_WARN__DUPLICATE_METHOD_MATCH = YES;
				COPY_PHASE_STRIP = NO;
				DEBUG_INFORMATION_FORMAT = dwarf;
				ENABLE_STRICT_OBJC_MSGSEND = YES;
				ENABLE_TESTABILITY = YES;
				GCC_C_LANGUAGE_STANDARD = gnu11;
				GCC_DYNAMIC_NO_PIC = NO;
				GCC_NO_COMMON_BLOCKS = YES;
				GCC_OPTIMIZATION_LEVEL = 0;
				GCC_PREPROCESSOR_DEFINITIONS = (
					"DEBUG=1",
					"$(inherited)",
				);
				GCC_WARN_64_TO_32_BIT_CONVERSION = YES;
				GCC_WARN_ABOUT_RETURN_TYPE = YES_ERROR;
				GCC_WARN_UNDECLARED_SELECTOR = YES;
				GCC_WARN_UNINITIALIZED_AUTOS = YES_AGGRESSIVE;
				GCC_WARN_UNUSED_FUNCTION = YES;
				GCC_WARN_UNUSED_VARIABLE = YES;
				IPHONEOS_DEPLOYMENT_TARGET = 15.5;
				MTL_ENABLE_DEBUG_INFO = INCLUDE_SOURCE;
				MTL_FAST_MATH = YES;
				ONLY_ACTIVE_ARCH = YES;
				SDKROOT = iphoneos;
				SWIFT_ACTIVE_COMPILATION_CONDITIONS = DEBUG;
				SWIFT_OPTIMIZATION_LEVEL = "-Onone";
			};
			name = Debug;
		};
		CFF502932852215F00C8FB2A /* Release */ = {
			isa = XCBuildConfiguration;
			buildSettings = {
				ALWAYS_SEARCH_USER_PATHS = NO;
				CLANG_ANALYZER_NONNULL = YES;
				CLANG_ANALYZER_NUMBER_OBJECT_CONVERSION = YES_AGGRESSIVE;
				CLANG_CXX_LANGUAGE_STANDARD = "gnu++17";
				CLANG_ENABLE_MODULES = YES;
				CLANG_ENABLE_OBJC_ARC = YES;
				CLANG_ENABLE_OBJC_WEAK = YES;
				CLANG_WARN_BLOCK_CAPTURE_AUTORELEASING = YES;
				CLANG_WARN_BOOL_CONVERSION = YES;
				CLANG_WARN_COMMA = YES;
				CLANG_WARN_CONSTANT_CONVERSION = YES;
				CLANG_WARN_DEPRECATED_OBJC_IMPLEMENTATIONS = YES;
				CLANG_WARN_DIRECT_OBJC_ISA_USAGE = YES_ERROR;
				CLANG_WARN_DOCUMENTATION_COMMENTS = YES;
				CLANG_WARN_EMPTY_BODY = YES;
				CLANG_WARN_ENUM_CONVERSION = YES;
				CLANG_WARN_INFINITE_RECURSION = YES;
				CLANG_WARN_INT_CONVERSION = YES;
				CLANG_WARN_NON_LITERAL_NULL_CONVERSION = YES;
				CLANG_WARN_OBJC_IMPLICIT_RETAIN_SELF = YES;
				CLANG_WARN_OBJC_LITERAL_CONVERSION = YES;
				CLANG_WARN_OBJC_ROOT_CLASS = YES_ERROR;
				CLANG_WARN_QUOTED_INCLUDE_IN_FRAMEWORK_HEADER = YES;
				CLANG_WARN_RANGE_LOOP_ANALYSIS = YES;
				CLANG_WARN_STRICT_PROTOTYPES = YES;
				CLANG_WARN_SUSPICIOUS_MOVE = YES;
				CLANG_WARN_UNGUARDED_AVAILABILITY = YES_AGGRESSIVE;
				CLANG_WARN_UNREACHABLE_CODE = YES;
				CLANG_WARN__DUPLICATE_METHOD_MATCH = YES;
				COPY_PHASE_STRIP = NO;
				DEBUG_INFORMATION_FORMAT = "dwarf-with-dsym";
				ENABLE_NS_ASSERTIONS = NO;
				ENABLE_STRICT_OBJC_MSGSEND = YES;
				GCC_C_LANGUAGE_STANDARD = gnu11;
				GCC_NO_COMMON_BLOCKS = YES;
				GCC_WARN_64_TO_32_BIT_CONVERSION = YES;
				GCC_WARN_ABOUT_RETURN_TYPE = YES_ERROR;
				GCC_WARN_UNDECLARED_SELECTOR = YES;
				GCC_WARN_UNINITIALIZED_AUTOS = YES_AGGRESSIVE;
				GCC_WARN_UNUSED_FUNCTION = YES;
				GCC_WARN_UNUSED_VARIABLE = YES;
				IPHONEOS_DEPLOYMENT_TARGET = 15.5;
				MTL_ENABLE_DEBUG_INFO = NO;
				MTL_FAST_MATH = YES;
				SDKROOT = iphoneos;
				SWIFT_COMPILATION_MODE = wholemodule;
				SWIFT_OPTIMIZATION_LEVEL = "-O";
				VALIDATE_PRODUCT = YES;
			};
			name = Release;
		};
		CFF502952852215F00C8FB2A /* Debug */ = {
			isa = XCBuildConfiguration;
			baseConfigurationReference = 3A203EE02727289C25C3013D /* Pods-MovikaTask.debug.xcconfig */;
			buildSettings = {
				ASSETCATALOG_COMPILER_APPICON_NAME = AppIcon;
				ASSETCATALOG_COMPILER_GLOBAL_ACCENT_COLOR_NAME = AccentColor;
				CODE_SIGN_STYLE = Automatic;
				CURRENT_PROJECT_VERSION = 1;
				DEVELOPMENT_TEAM = 5NAKQ28539;
				EXCLUDED_ARCHS = "";
				GENERATE_INFOPLIST_FILE = YES;
				INFOPLIST_FILE = MovikaTask/Info.plist;
				INFOPLIST_KEY_UIApplicationSupportsIndirectInputEvents = YES;
				INFOPLIST_KEY_UILaunchStoryboardName = LaunchScreen;
				INFOPLIST_KEY_UISupportedInterfaceOrientations = UIInterfaceOrientationLandscapeLeft;
				INFOPLIST_KEY_UISupportedInterfaceOrientations_iPad = "UIInterfaceOrientationPortrait UIInterfaceOrientationPortraitUpsideDown UIInterfaceOrientationLandscapeLeft UIInterfaceOrientationLandscapeRight";
				INFOPLIST_KEY_UISupportedInterfaceOrientations_iPhone = "UIInterfaceOrientationPortrait UIInterfaceOrientationLandscapeLeft UIInterfaceOrientationLandscapeRight";
				IPHONEOS_DEPLOYMENT_TARGET = 12.0;
				LD_RUNPATH_SEARCH_PATHS = (
					"$(inherited)",
					"@executable_path/Frameworks",
				);
				MARKETING_VERSION = 1.0;
				PRODUCT_BUNDLE_IDENTIFIER = "com.vigvamcev-media.MovikaTask";
				PRODUCT_NAME = "$(TARGET_NAME)";
				SWIFT_EMIT_LOC_STRINGS = YES;
				SWIFT_VERSION = 5.0;
				TARGETED_DEVICE_FAMILY = 1;
			};
			name = Debug;
		};
		CFF502962852215F00C8FB2A /* Release */ = {
			isa = XCBuildConfiguration;
			baseConfigurationReference = 0C02E8C4ABB93DB65AA212DE /* Pods-MovikaTask.release.xcconfig */;
			buildSettings = {
				ASSETCATALOG_COMPILER_APPICON_NAME = AppIcon;
				ASSETCATALOG_COMPILER_GLOBAL_ACCENT_COLOR_NAME = AccentColor;
				CODE_SIGN_STYLE = Automatic;
				CURRENT_PROJECT_VERSION = 1;
				DEVELOPMENT_TEAM = 5NAKQ28539;
				EXCLUDED_ARCHS = "";
				GENERATE_INFOPLIST_FILE = YES;
				INFOPLIST_FILE = MovikaTask/Info.plist;
				INFOPLIST_KEY_UIApplicationSupportsIndirectInputEvents = YES;
				INFOPLIST_KEY_UILaunchStoryboardName = LaunchScreen;
				INFOPLIST_KEY_UISupportedInterfaceOrientations = UIInterfaceOrientationLandscapeLeft;
				INFOPLIST_KEY_UISupportedInterfaceOrientations_iPad = "UIInterfaceOrientationPortrait UIInterfaceOrientationPortraitUpsideDown UIInterfaceOrientationLandscapeLeft UIInterfaceOrientationLandscapeRight";
				INFOPLIST_KEY_UISupportedInterfaceOrientations_iPhone = "UIInterfaceOrientationPortrait UIInterfaceOrientationLandscapeLeft UIInterfaceOrientationLandscapeRight";
				IPHONEOS_DEPLOYMENT_TARGET = 12.0;
				LD_RUNPATH_SEARCH_PATHS = (
					"$(inherited)",
					"@executable_path/Frameworks",
				);
				MARKETING_VERSION = 1.0;
				PRODUCT_BUNDLE_IDENTIFIER = "com.vigvamcev-media.MovikaTask";
				PRODUCT_NAME = "$(TARGET_NAME)";
				SWIFT_EMIT_LOC_STRINGS = YES;
				SWIFT_VERSION = 5.0;
				TARGETED_DEVICE_FAMILY = 1;
			};
			name = Release;
		};
/* End XCBuildConfiguration section */

/* Begin XCConfigurationList section */
		CFF502782852215E00C8FB2A /* Build configuration list for PBXProject "MovikaTask" */ = {
			isa = XCConfigurationList;
			buildConfigurations = (
				CFF502922852215F00C8FB2A /* Debug */,
				CFF502932852215F00C8FB2A /* Release */,
			);
			defaultConfigurationIsVisible = 0;
			defaultConfigurationName = Release;
		};
		CFF502942852215F00C8FB2A /* Build configuration list for PBXNativeTarget "MovikaTask" */ = {
			isa = XCConfigurationList;
			buildConfigurations = (
				CFF502952852215F00C8FB2A /* Debug */,
				CFF502962852215F00C8FB2A /* Release */,
			);
			defaultConfigurationIsVisible = 0;
			defaultConfigurationName = Release;
		};
/* End XCConfigurationList section */

/* Begin XCVersionGroup section */
		CFF502892852215E00C8FB2A /* MovikaTask.xcdatamodeld */ = {
			isa = XCVersionGroup;
			children = (
				CFF5028A2852215E00C8FB2A /* MovikaTask.xcdatamodel */,
			);
			currentVersion = CFF5028A2852215E00C8FB2A /* MovikaTask.xcdatamodel */;
			path = MovikaTask.xcdatamodeld;
			sourceTree = "<group>";
			versionGroupType = wrapper.xcdatamodel;
		};
/* End XCVersionGroup section */
	};
	rootObject = CFF502752852215E00C8FB2A /* Project object */;
}
